
Microsoft Visual Studio Solution File, Format Version 12.00
# Visual Studio 15
VisualStudioVersion = 15.0.28307.1267
MinimumVisualStudioVersion = 10.0.40219.1
Project("{FAE04EC0-301F-11D3-BF4B-00C04F79EFBC}") = "GTPSCustom", "GTPSCustom\GTPSCustom.csproj", "{18253269-C41B-4B14-ADDE-2FF0E9819B7C}"
EndProject
Global
	GlobalSection(SolutionConfigurationPlatforms) = preSolution
		Debug|Any CPU = Debug|Any CPU
		Release|Any CPU = Release|Any CPU
	EndGlobalSection
	GlobalSection(ProjectConfigurationPlatforms) = postSolution
		{18253269-C41B-4B14-ADDE-2FF0E9819B7C}.Debug|Any CPU.ActiveCfg = Debug|Any CPU
		{18253269-C41B-4B14-ADDE-2FF0E9819B7C}.Debug|Any CPU.Build.0 = Debug|Any CPU
		{18253269-C41B-4B14-ADDE-2FF0E9819B7C}.Release|Any CPU.ActiveCfg = Release|Any CPU
		{18253269-C41B-4B14-ADDE-2FF0E9819B7C}.Release|Any CPU.Build.0 = Release|Any CPU
	EndGlobalSection
	GlobalSection(SolutionProperties) = preSolution
		HideSolutionNode = FALSE
	EndGlobalSection
	GlobalSection(ExtensibilityGlobals) = postSolution
		SolutionGuid = {A6A759C6-4781-4D08-AB2E-41E7A96D73EB}
	EndGlobalSection
EndGlobal
